// !$*UTF8*$!
{
	archiveVersion = 1;
	classes = {
	};
	objectVersion = 50;
	objects = {

/* Begin PBXBuildFile section */
		F6685F5420A6FCAD0052F8EB /* AppDelegate.swift in Sources */ = {isa = PBXBuildFile; fileRef = F6685F5320A6FCAD0052F8EB /* AppDelegate.swift */; };
		F6685F5920A6FCAD0052F8EB /* Main.storyboard in Resources */ = {isa = PBXBuildFile; fileRef = F6685F5720A6FCAD0052F8EB /* Main.storyboard */; };
		F6685F5B20A6FCAE0052F8EB /* Assets.xcassets in Resources */ = {isa = PBXBuildFile; fileRef = F6685F5A20A6FCAE0052F8EB /* Assets.xcassets */; };
		F6685F5E20A6FCAE0052F8EB /* LaunchScreen.storyboard in Resources */ = {isa = PBXBuildFile; fileRef = F6685F5C20A6FCAE0052F8EB /* LaunchScreen.storyboard */; };
		F6685F7F20A6FE7A0052F8EB /* CLOBaseLineView.swift in Sources */ = {isa = PBXBuildFile; fileRef = F6685F6720A6FE7A0052F8EB /* CLOBaseLineView.swift */; };
		F6685F8020A6FE7A0052F8EB /* CLOCollageCell.swift in Sources */ = {isa = PBXBuildFile; fileRef = F6685F6820A6FE7A0052F8EB /* CLOCollageCell.swift */; };
		F6685F8120A6FE7A0052F8EB /* CLOCollageView.swift in Sources */ = {isa = PBXBuildFile; fileRef = F6685F6A20A6FE7A0052F8EB /* CLOCollageView.swift */; };
		F6685F8220A6FE7A0052F8EB /* CLOCollageViewT301.swift in Sources */ = {isa = PBXBuildFile; fileRef = F6685F6B20A6FE7A0052F8EB /* CLOCollageViewT301.swift */; };
		F6685F8320A6FE7A0052F8EB /* CLOCollageViewT401.swift in Sources */ = {isa = PBXBuildFile; fileRef = F6685F6C20A6FE7A0052F8EB /* CLOCollageViewT401.swift */; };
		F6685F8420A6FE7A0052F8EB /* CLOCollageViewT402.swift in Sources */ = {isa = PBXBuildFile; fileRef = F6685F6D20A6FE7A0052F8EB /* CLOCollageViewT402.swift */; };
		F6685F8520A6FE7A0052F8EB /* CLOLineHandleView.swift in Sources */ = {isa = PBXBuildFile; fileRef = F6685F6E20A6FE7A0052F8EB /* CLOLineHandleView.swift */; };
		F6685F8620A6FE7A0052F8EB /* CLOPhotoScrollView.swift in Sources */ = {isa = PBXBuildFile; fileRef = F6685F6F20A6FE7A0052F8EB /* CLOPhotoScrollView.swift */; };
		F6685F8720A6FE7A0052F8EB /* PickerViewCell.swift in Sources */ = {isa = PBXBuildFile; fileRef = F6685F7120A6FE7A0052F8EB /* PickerViewCell.swift */; };
		F6685F8820A6FE7A0052F8EB /* SwipeView.m in Sources */ = {isa = PBXBuildFile; fileRef = F6685F7520A6FE7A0052F8EB /* SwipeView.m */; };
		F6685F8920A6FE7A0052F8EB /* Utils.swift in Sources */ = {isa = PBXBuildFile; fileRef = F6685F7820A6FE7A0052F8EB /* Utils.swift */; };
		F6685F8A20A6FE7A0052F8EB /* CloPickerViewController.swift in Sources */ = {isa = PBXBuildFile; fileRef = F6685F7A20A6FE7A0052F8EB /* CloPickerViewController.swift */; };
		F6685F8B20A6FE7A0052F8EB /* CollageViewController.swift in Sources */ = {isa = PBXBuildFile; fileRef = F6685F7B20A6FE7A0052F8EB /* CollageViewController.swift */; };
		F6685F8D20A6FE7A0052F8EB /* CLOCollageTransition.swift in Sources */ = {isa = PBXBuildFile; fileRef = F6685F7E20A6FE7A0052F8EB /* CLOCollageTransition.swift */; };
/* End PBXBuildFile section */

/* Begin PBXFileReference section */
		F6685F5020A6FCAD0052F8EB /* CLOCollageView.app */ = {isa = PBXFileReference; explicitFileType = wrapper.application; includeInIndex = 0; path = CLOCollageView.app; sourceTree = BUILT_PRODUCTS_DIR; };
		F6685F5320A6FCAD0052F8EB /* AppDelegate.swift */ = {isa = PBXFileReference; lastKnownFileType = sourcecode.swift; path = AppDelegate.swift; sourceTree = "<group>"; };
		F6685F5820A6FCAD0052F8EB /* Base */ = {isa = PBXFileReference; lastKnownFileType = file.storyboard; name = Base; path = Base.lproj/Main.storyboard; sourceTree = "<group>"; };
		F6685F5A20A6FCAE0052F8EB /* Assets.xcassets */ = {isa = PBXFileReference; lastKnownFileType = folder.assetcatalog; path = Assets.xcassets; sourceTree = "<group>"; };
		F6685F5D20A6FCAE0052F8EB /* Base */ = {isa = PBXFileReference; lastKnownFileType = file.storyboard; name = Base; path = Base.lproj/LaunchScreen.storyboard; sourceTree = "<group>"; };
		F6685F5F20A6FCAE0052F8EB /* Info.plist */ = {isa = PBXFileReference; lastKnownFileType = text.plist.xml; path = Info.plist; sourceTree = "<group>"; };
		F6685F6720A6FE7A0052F8EB /* CLOBaseLineView.swift */ = {isa = PBXFileReference; fileEncoding = 4; lastKnownFileType = sourcecode.swift; path = CLOBaseLineView.swift; sourceTree = "<group>"; };
		F6685F6820A6FE7A0052F8EB /* CLOCollageCell.swift */ = {isa = PBXFileReference; fileEncoding = 4; lastKnownFileType = sourcecode.swift; path = CLOCollageCell.swift; sourceTree = "<group>"; };
		F6685F6A20A6FE7A0052F8EB /* CLOCollageView.swift */ = {isa = PBXFileReference; fileEncoding = 4; lastKnownFileType = sourcecode.swift; path = CLOCollageView.swift; sourceTree = "<group>"; };
		F6685F6B20A6FE7A0052F8EB /* CLOCollageViewT301.swift */ = {isa = PBXFileReference; fileEncoding = 4; lastKnownFileType = sourcecode.swift; path = CLOCollageViewT301.swift; sourceTree = "<group>"; };
		F6685F6C20A6FE7A0052F8EB /* CLOCollageViewT401.swift */ = {isa = PBXFileReference; fileEncoding = 4; lastKnownFileType = sourcecode.swift; path = CLOCollageViewT401.swift; sourceTree = "<group>"; };
		F6685F6D20A6FE7A0052F8EB /* CLOCollageViewT402.swift */ = {isa = PBXFileReference; fileEncoding = 4; lastKnownFileType = sourcecode.swift; path = CLOCollageViewT402.swift; sourceTree = "<group>"; };
		F6685F6E20A6FE7A0052F8EB /* CLOLineHandleView.swift */ = {isa = PBXFileReference; fileEncoding = 4; lastKnownFileType = sourcecode.swift; path = CLOLineHandleView.swift; sourceTree = "<group>"; };
		F6685F6F20A6FE7A0052F8EB /* CLOPhotoScrollView.swift */ = {isa = PBXFileReference; fileEncoding = 4; lastKnownFileType = sourcecode.swift; path = CLOPhotoScrollView.swift; sourceTree = "<group>"; };
		F6685F7120A6FE7A0052F8EB /* PickerViewCell.swift */ = {isa = PBXFileReference; fileEncoding = 4; lastKnownFileType = sourcecode.swift; path = PickerViewCell.swift; sourceTree = "<group>"; };
		F6685F7420A6FE7A0052F8EB /* SwipeView.h */ = {isa = PBXFileReference; fileEncoding = 4; lastKnownFileType = sourcecode.c.h; path = SwipeView.h; sourceTree = "<group>"; };
		F6685F7520A6FE7A0052F8EB /* SwipeView.m */ = {isa = PBXFileReference; fileEncoding = 4; lastKnownFileType = sourcecode.c.objc; path = SwipeView.m; sourceTree = "<group>"; };
		F6685F7720A6FE7A0052F8EB /* CLOCollageView-Bridging-Header.h */ = {isa = PBXFileReference; fileEncoding = 4; lastKnownFileType = sourcecode.c.h; path = "CLOCollageView-Bridging-Header.h"; sourceTree = "<group>"; };
		F6685F7820A6FE7A0052F8EB /* Utils.swift */ = {isa = PBXFileReference; fileEncoding = 4; lastKnownFileType = sourcecode.swift; path = Utils.swift; sourceTree = "<group>"; };
		F6685F7A20A6FE7A0052F8EB /* CloPickerViewController.swift */ = {isa = PBXFileReference; fileEncoding = 4; lastKnownFileType = sourcecode.swift; path = CloPickerViewController.swift; sourceTree = "<group>"; };
		F6685F7B20A6FE7A0052F8EB /* CollageViewController.swift */ = {isa = PBXFileReference; fileEncoding = 4; lastKnownFileType = sourcecode.swift; path = CollageViewController.swift; sourceTree = "<group>"; };
		F6685F7E20A6FE7A0052F8EB /* CLOCollageTransition.swift */ = {isa = PBXFileReference; fileEncoding = 4; lastKnownFileType = sourcecode.swift; path = CLOCollageTransition.swift; sourceTree = "<group>"; };
/* End PBXFileReference section */

/* Begin PBXFrameworksBuildPhase section */
		F6685F4D20A6FCAD0052F8EB /* Frameworks */ = {
			isa = PBXFrameworksBuildPhase;
			buildActionMask = 2147483647;
			files = (
			);
			runOnlyForDeploymentPostprocessing = 0;
		};
/* End PBXFrameworksBuildPhase section */

/* Begin PBXGroup section */
		F6685F4720A6FCAD0052F8EB = {
			isa = PBXGroup;
			children = (
				F6685F5220A6FCAD0052F8EB /* CLOCollageView */,
				F6685F5120A6FCAD0052F8EB /* Products */,
			);
			sourceTree = "<group>";
		};
		F6685F5120A6FCAD0052F8EB /* Products */ = {
			isa = PBXGroup;
			children = (
				F6685F5020A6FCAD0052F8EB /* CLOCollageView.app */,
			);
			name = Products;
			sourceTree = "<group>";
		};
		F6685F5220A6FCAD0052F8EB /* CLOCollageView */ = {
			isa = PBXGroup;
			children = (
				F6685F7920A6FE7A0052F8EB /* Controllers */,
				F6685F7620A6FE7A0052F8EB /* Supportings */,
				F6685F7D20A6FE7A0052F8EB /* Transitions */,
				F6685F6520A6FE7A0052F8EB /* Views */,
				F6685F5320A6FCAD0052F8EB /* AppDelegate.swift */,
				F6685F5720A6FCAD0052F8EB /* Main.storyboard */,
				F6685F5C20A6FCAE0052F8EB /* LaunchScreen.storyboard */,
				F6685F5A20A6FCAE0052F8EB /* Assets.xcassets */,
				F6685F5F20A6FCAE0052F8EB /* Info.plist */,
			);
			path = CLOCollageView;
			sourceTree = "<group>";
		};
		F6685F6520A6FE7A0052F8EB /* Views */ = {
			isa = PBXGroup;
			children = (
				F6685F6620A6FE7A0052F8EB /* CLOCollageView */,
				F6685F7020A6FE7A0052F8EB /* CLOPhotoPickerView */,
				F6685F7220A6FE7A0052F8EB /* CLOScrollView */,
				F6685F7320A6FE7A0052F8EB /* SwipeView */,
			);
			path = Views;
			sourceTree = "<group>";
		};
		F6685F6620A6FE7A0052F8EB /* CLOCollageView */ = {
			isa = PBXGroup;
			children = (
				F6685F6720A6FE7A0052F8EB /* CLOBaseLineView.swift */,
				F6685F6820A6FE7A0052F8EB /* CLOCollageCell.swift */,
				F6685F6920A6FE7A0052F8EB /* CLOCollageViewTypes */,
				F6685F6E20A6FE7A0052F8EB /* CLOLineHandleView.swift */,
				F6685F6F20A6FE7A0052F8EB /* CLOPhotoScrollView.swift */,
			);
			path = CLOCollageView;
			sourceTree = "<group>";
		};
		F6685F6920A6FE7A0052F8EB /* CLOCollageViewTypes */ = {
			isa = PBXGroup;
			children = (
				F6685F6A20A6FE7A0052F8EB /* CLOCollageView.swift */,
				F6685F6B20A6FE7A0052F8EB /* CLOCollageViewT301.swift */,
				F6685F6C20A6FE7A0052F8EB /* CLOCollageViewT401.swift */,
				F6685F6D20A6FE7A0052F8EB /* CLOCollageViewT402.swift */,
			);
			path = CLOCollageViewTypes;
			sourceTree = "<group>";
		};
		F6685F7020A6FE7A0052F8EB /* CLOPhotoPickerView */ = {
			isa = PBXGroup;
			children = (
				F6685F7120A6FE7A0052F8EB /* PickerViewCell.swift */,
			);
			path = CLOPhotoPickerView;
			sourceTree = "<group>";
		};
		F6685F7220A6FE7A0052F8EB /* CLOScrollView */ = {
			isa = PBXGroup;
			children = (
			);
			path = CLOScrollView;
			sourceTree = "<group>";
		};
		F6685F7320A6FE7A0052F8EB /* SwipeView */ = {
			isa = PBXGroup;
			children = (
				F6685F7420A6FE7A0052F8EB /* SwipeView.h */,
				F6685F7520A6FE7A0052F8EB /* SwipeView.m */,
			);
			path = SwipeView;
			sourceTree = "<group>";
		};
		F6685F7620A6FE7A0052F8EB /* Supportings */ = {
			isa = PBXGroup;
			children = (
				F6685F7720A6FE7A0052F8EB /* CLOCollageView-Bridging-Header.h */,
				F6685F7820A6FE7A0052F8EB /* Utils.swift */,
			);
			path = Supportings;
			sourceTree = "<group>";
		};
		F6685F7920A6FE7A0052F8EB /* Controllers */ = {
			isa = PBXGroup;
			children = (
				F6685F7A20A6FE7A0052F8EB /* CloPickerViewController.swift */,
				F6685F7B20A6FE7A0052F8EB /* CollageViewController.swift */,
			);
			path = Controllers;
			sourceTree = "<group>";
		};
		F6685F7D20A6FE7A0052F8EB /* Transitions */ = {
			isa = PBXGroup;
			children = (
				F6685F7E20A6FE7A0052F8EB /* CLOCollageTransition.swift */,
			);
			path = Transitions;
			sourceTree = "<group>";
		};
/* End PBXGroup section */

/* Begin PBXNativeTarget section */
		F6685F4F20A6FCAD0052F8EB /* CLOCollageView */ = {
			isa = PBXNativeTarget;
			buildConfigurationList = F6685F6220A6FCAE0052F8EB /* Build configuration list for PBXNativeTarget "CLOCollageView" */;
			buildPhases = (
				F6685F4C20A6FCAD0052F8EB /* Sources */,
				F6685F4D20A6FCAD0052F8EB /* Frameworks */,
				F6685F4E20A6FCAD0052F8EB /* Resources */,
			);
			buildRules = (
			);
			dependencies = (
			);
			name = CLOCollageView;
			productName = CLOCollageView;
			productReference = F6685F5020A6FCAD0052F8EB /* CLOCollageView.app */;
			productType = "com.apple.product-type.application";
		};
/* End PBXNativeTarget section */

/* Begin PBXProject section */
		F6685F4820A6FCAD0052F8EB /* Project object */ = {
			isa = PBXProject;
			attributes = {
				LastSwiftUpdateCheck = 0930;
				LastUpgradeCheck = 0930;
				ORGANIZATIONNAME = "Sang Nam";
				TargetAttributes = {
					F6685F4F20A6FCAD0052F8EB = {
						CreatedOnToolsVersion = 9.3;
					};
				};
			};
			buildConfigurationList = F6685F4B20A6FCAD0052F8EB /* Build configuration list for PBXProject "CLOCollageView" */;
			compatibilityVersion = "Xcode 9.3";
			developmentRegion = en;
			hasScannedForEncodings = 0;
			knownRegions = (
				en,
				Base,
			);
			mainGroup = F6685F4720A6FCAD0052F8EB;
			productRefGroup = F6685F5120A6FCAD0052F8EB /* Products */;
			projectDirPath = "";
			projectRoot = "";
			targets = (
				F6685F4F20A6FCAD0052F8EB /* CLOCollageView */,
			);
		};
/* End PBXProject section */

/* Begin PBXResourcesBuildPhase section */
		F6685F4E20A6FCAD0052F8EB /* Resources */ = {
			isa = PBXResourcesBuildPhase;
			buildActionMask = 2147483647;
			files = (
				F6685F5E20A6FCAE0052F8EB /* LaunchScreen.storyboard in Resources */,
				F6685F5B20A6FCAE0052F8EB /* Assets.xcassets in Resources */,
				F6685F5920A6FCAD0052F8EB /* Main.storyboard in Resources */,
			);
			runOnlyForDeploymentPostprocessing = 0;
		};
/* End PBXResourcesBuildPhase section */

/* Begin PBXSourcesBuildPhase section */
		F6685F4C20A6FCAD0052F8EB /* Sources */ = {
			isa = PBXSourcesBuildPhase;
			buildActionMask = 2147483647;
			files = (
				F6685F7F20A6FE7A0052F8EB /* CLOBaseLineView.swift in Sources */,
				F6685F8820A6FE7A0052F8EB /* SwipeView.m in Sources */,
				F6685F5420A6FCAD0052F8EB /* AppDelegate.swift in Sources */,
				F6685F8620A6FE7A0052F8EB /* CLOPhotoScrollView.swift in Sources */,
				F6685F8D20A6FE7A0052F8EB /* CLOCollageTransition.swift in Sources */,
				F6685F8320A6FE7A0052F8EB /* CLOCollageViewT401.swift in Sources */,
				F6685F8420A6FE7A0052F8EB /* CLOCollageViewT402.swift in Sources */,
				F6685F8A20A6FE7A0052F8EB /* CloPickerViewController.swift in Sources */,
				F6685F8220A6FE7A0052F8EB /* CLOCollageViewT301.swift in Sources */,
				F6685F8720A6FE7A0052F8EB /* PickerViewCell.swift in Sources */,
				F6685F8020A6FE7A0052F8EB /* CLOCollageCell.swift in Sources */,
				F6685F8120A6FE7A0052F8EB /* CLOCollageView.swift in Sources */,
				F6685F8520A6FE7A0052F8EB /* CLOLineHandleView.swift in Sources */,
				F6685F8B20A6FE7A0052F8EB /* CollageViewController.swift in Sources */,
				F6685F8920A6FE7A0052F8EB /* Utils.swift in Sources */,
			);
			runOnlyForDeploymentPostprocessing = 0;
		};
/* End PBXSourcesBuildPhase section */

/* Begin PBXVariantGroup section */
		F6685F5720A6FCAD0052F8EB /* Main.storyboard */ = {
			isa = PBXVariantGroup;
			children = (
				F6685F5820A6FCAD0052F8EB /* Base */,
			);
			name = Main.storyboard;
			sourceTree = "<group>";
		};
		F6685F5C20A6FCAE0052F8EB /* LaunchScreen.storyboard */ = {
			isa = PBXVariantGroup;
			children = (
				F6685F5D20A6FCAE0052F8EB /* Base */,
			);
			name = LaunchScreen.storyboard;
			sourceTree = "<group>";
		};
/* End PBXVariantGroup section */

/* Begin XCBuildConfiguration section */
		F6685F6020A6FCAE0052F8EB /* Debug */ = {
			isa = XCBuildConfiguration;
			buildSettings = {
				ALWAYS_SEARCH_USER_PATHS = NO;
				CLANG_ANALYZER_NONNULL = YES;
				CLANG_ANALYZER_NUMBER_OBJECT_CONVERSION = YES_AGGRESSIVE;
				CLANG_CXX_LANGUAGE_STANDARD = "gnu++14";
				CLANG_CXX_LIBRARY = "libc++";
				CLANG_ENABLE_MODULES = YES;
				CLANG_ENABLE_OBJC_ARC = YES;
				CLANG_ENABLE_OBJC_WEAK = YES;
				CLANG_WARN_BLOCK_CAPTURE_AUTORELEASING = YES;
				CLANG_WARN_BOOL_CONVERSION = YES;
				CLANG_WARN_COMMA = YES;
				CLANG_WARN_CONSTANT_CONVERSION = YES;
				CLANG_WARN_DEPRECATED_OBJC_IMPLEMENTATIONS = YES;
				CLANG_WARN_DIRECT_OBJC_ISA_USAGE = YES_ERROR;
				CLANG_WARN_DOCUMENTATION_COMMENTS = YES;
				CLANG_WARN_EMPTY_BODY = YES;
				CLANG_WARN_ENUM_CONVERSION = YES;
				CLANG_WARN_INFINITE_RECURSION = YES;
				CLANG_WARN_INT_CONVERSION = YES;
				CLANG_WARN_NON_LITERAL_NULL_CONVERSION = YES;
				CLANG_WARN_OBJC_IMPLICIT_RETAIN_SELF = YES;
				CLANG_WARN_OBJC_LITERAL_CONVERSION = YES;
				CLANG_WARN_OBJC_ROOT_CLASS = YES_ERROR;
				CLANG_WARN_RANGE_LOOP_ANALYSIS = YES;
				CLANG_WARN_STRICT_PROTOTYPES = YES;
				CLANG_WARN_SUSPICIOUS_MOVE = YES;
				CLANG_WARN_UNGUARDED_AVAILABILITY = YES_AGGRESSIVE;
				CLANG_WARN_UNREACHABLE_CODE = YES;
				CLANG_WARN__DUPLICATE_METHOD_MATCH = YES;
				CODE_SIGN_IDENTITY = "iPhone Developer";
				COPY_PHASE_STRIP = NO;
				DEBUG_INFORMATION_FORMAT = dwarf;
				ENABLE_STRICT_OBJC_MSGSEND = YES;
				ENABLE_TESTABILITY = YES;
				GCC_C_LANGUAGE_STANDARD = gnu11;
				GCC_DYNAMIC_NO_PIC = NO;
				GCC_NO_COMMON_BLOCKS = YES;
				GCC_OPTIMIZATION_LEVEL = 0;
				GCC_PREPROCESSOR_DEFINITIONS = (
					"DEBUG=1",
					"$(inherited)",
				);
				GCC_WARN_64_TO_32_BIT_CONVERSION = YES;
				GCC_WARN_ABOUT_RETURN_TYPE = YES_ERROR;
				GCC_WARN_UNDECLARED_SELECTOR = YES;
				GCC_WARN_UNINITIALIZED_AUTOS = YES_AGGRESSIVE;
				GCC_WARN_UNUSED_FUNCTION = YES;
				GCC_WARN_UNUSED_VARIABLE = YES;
				IPHONEOS_DEPLOYMENT_TARGET = 11.3;
				MTL_ENABLE_DEBUG_INFO = YES;
				ONLY_ACTIVE_ARCH = YES;
				SDKROOT = iphoneos;
				SWIFT_ACTIVE_COMPILATION_CONDITIONS = DEBUG;
				SWIFT_OPTIMIZATION_LEVEL = "-Onone";
			};
			name = Debug;
		};
		F6685F6120A6FCAE0052F8EB /* Release */ = {
			isa = XCBuildConfiguration;
			buildSettings = {
				ALWAYS_SEARCH_USER_PATHS = NO;
				CLANG_ANALYZER_NONNULL = YES;
				CLANG_ANALYZER_NUMBER_OBJECT_CONVERSION = YES_AGGRESSIVE;
				CLANG_CXX_LANGUAGE_STANDARD = "gnu++14";
				CLANG_CXX_LIBRARY = "libc++";
				CLANG_ENABLE_MODULES = YES;
				CLANG_ENABLE_OBJC_ARC = YES;
				CLANG_ENABLE_OBJC_WEAK = YES;
				CLANG_WARN_BLOCK_CAPTURE_AUTORELEASING = YES;
				CLANG_WARN_BOOL_CONVERSION = YES;
				CLANG_WARN_COMMA = YES;
				CLANG_WARN_CONSTANT_CONVERSION = YES;
				CLANG_WARN_DEPRECATED_OBJC_IMPLEMENTATIONS = YES;
				CLANG_WARN_DIRECT_OBJC_ISA_USAGE = YES_ERROR;
				CLANG_WARN_DOCUMENTATION_COMMENTS = YES;
				CLANG_WARN_EMPTY_BODY = YES;
				CLANG_WARN_ENUM_CONVERSION = YES;
				CLANG_WARN_INFINITE_RECURSION = YES;
				CLANG_WARN_INT_CONVERSION = YES;
				CLANG_WARN_NON_LITERAL_NULL_CONVERSION = YES;
				CLANG_WARN_OBJC_IMPLICIT_RETAIN_SELF = YES;
				CLANG_WARN_OBJC_LITERAL_CONVERSION = YES;
				CLANG_WARN_OBJC_ROOT_CLASS = YES_ERROR;
				CLANG_WARN_RANGE_LOOP_ANALYSIS = YES;
				CLANG_WARN_STRICT_PROTOTYPES = YES;
				CLANG_WARN_SUSPICIOUS_MOVE = YES;
				CLANG_WARN_UNGUARDED_AVAILABILITY = YES_AGGRESSIVE;
				CLANG_WARN_UNREACHABLE_CODE = YES;
				CLANG_WARN__DUPLICATE_METHOD_MATCH = YES;
				CODE_SIGN_IDENTITY = "iPhone Developer";
				COPY_PHASE_STRIP = NO;
				DEBUG_INFORMATION_FORMAT = "dwarf-with-dsym";
				ENABLE_NS_ASSERTIONS = NO;
				ENABLE_STRICT_OBJC_MSGSEND = YES;
				GCC_C_LANGUAGE_STANDARD = gnu11;
				GCC_NO_COMMON_BLOCKS = YES;
				GCC_WARN_64_TO_32_BIT_CONVERSION = YES;
				GCC_WARN_ABOUT_RETURN_TYPE = YES_ERROR;
				GCC_WARN_UNDECLARED_SELECTOR = YES;
				GCC_WARN_UNINITIALIZED_AUTOS = YES_AGGRESSIVE;
				GCC_WARN_UNUSED_FUNCTION = YES;
				GCC_WARN_UNUSED_VARIABLE = YES;
				IPHONEOS_DEPLOYMENT_TARGET = 11.3;
				MTL_ENABLE_DEBUG_INFO = NO;
				SDKROOT = iphoneos;
				SWIFT_COMPILATION_MODE = wholemodule;
				SWIFT_OPTIMIZATION_LEVEL = "-O";
				VALIDATE_PRODUCT = YES;
			};
			name = Release;
		};
		F6685F6320A6FCAE0052F8EB /* Debug */ = {
			isa = XCBuildConfiguration;
			buildSettings = {
				ASSETCATALOG_COMPILER_APPICON_NAME = AppIcon;
				CODE_SIGN_STYLE = Automatic;
				DEVELOPMENT_TEAM = 67QWTQV4PL;
				INFOPLIST_FILE = CLOCollageView/Info.plist;
				LD_RUNPATH_SEARCH_PATHS = (
					"$(inherited)",
					"@executable_path/Frameworks",
				);
				PRODUCT_BUNDLE_IDENTIFIER = com.namssan.CLOCollageView;
				PRODUCT_NAME = "$(TARGET_NAME)";
				SWIFT_OBJC_BRIDGING_HEADER = "CLOCollageView/Supportings/CLOCollageView-Bridging-Header.h";
				SWIFT_VERSION = 4.0;
				TARGETED_DEVICE_FAMILY = "1,2";
			};
			name = Debug;
		};
		F6685F6420A6FCAE0052F8EB /* Release */ = {
			isa = XCBuildConfiguration;
			buildSettings = {
				ASSETCATALOG_COMPILER_APPICON_NAME = AppIcon;
				CODE_SIGN_STYLE = Automatic;
				DEVELOPMENT_TEAM = 67QWTQV4PL;
				INFOPLIST_FILE = CLOCollageView/Info.plist;
				LD_RUNPATH_SEARCH_PATHS = (
					"$(inherited)",
					"@executable_path/Frameworks",
				);
				PRODUCT_BUNDLE_IDENTIFIER = com.namssan.CLOCollageView;
				PRODUCT_NAME = "$(TARGET_NAME)";
				SWIFT_OBJC_BRIDGING_HEADER = "CLOCollageView/Supportings/CLOCollageView-Bridging-Header.h";
				SWIFT_VERSION = 4.0;
				TARGETED_DEVICE_FAMILY = "1,2";
			};
			name = Release;
		};
/* End XCBuildConfiguration section */

/* Begin XCConfigurationList section */
		F6685F4B20A6FCAD0052F8EB /* Build configuration list for PBXProject "CLOCollageView" */ = {
			isa = XCConfigurationList;
			buildConfigurations = (
				F6685F6020A6FCAE0052F8EB /* Debug */,
				F6685F6120A6FCAE0052F8EB /* Release */,
			);
			defaultConfigurationIsVisible = 0;
			defaultConfigurationName = Release;
		};
		F6685F6220A6FCAE0052F8EB /* Build configuration list for PBXNativeTarget "CLOCollageView" */ = {
			isa = XCConfigurationList;
			buildConfigurations = (
				F6685F6320A6FCAE0052F8EB /* Debug */,
				F6685F6420A6FCAE0052F8EB /* Release */,
			);
			defaultConfigurationIsVisible = 0;
			defaultConfigurationName = Release;
		};
/* End XCConfigurationList section */
	};
	rootObject = F6685F4820A6FCAD0052F8EB /* Project object */;
}
